
Microsoft Visual Studio Solution File, Format Version 12.00
Project("{FAE04EC0-301F-11D3-BF4B-00C04F79EFBC}") = "CalculatorProgram", "CalculatorProgram\CalculatorProgram.csproj", "{713614C5-8571-4667-BFF3-16DCAE2AFF4B}"
EndProject
Project("{FAE04EC0-301F-11D3-BF4B-00C04F79EFBC}") = "CalculatorLibrary", "CalculatorLibrary\CalculatorLibrary.csproj", "{38D4822D-9989-4332-994D-2A6E66594B50}"
EndProject
Global
	GlobalSection(SolutionConfigurationPlatforms) = preSolution
		Debug|Any CPU = Debug|Any CPU
		Release|Any CPU = Release|Any CPU
	EndGlobalSection
	GlobalSection(ProjectConfigurationPlatforms) = postSolution
		{713614C5-8571-4667-BFF3-16DCAE2AFF4B}.Debug|Any CPU.ActiveCfg = Debug|Any CPU
		{713614C5-8571-4667-BFF3-16DCAE2AFF4B}.Debug|Any CPU.Build.0 = Debug|Any CPU
		{713614C5-8571-4667-BFF3-16DCAE2AFF4B}.Release|Any CPU.ActiveCfg = Release|Any CPU
		{713614C5-8571-4667-BFF3-16DCAE2AFF4B}.Release|Any CPU.Build.0 = Release|Any CPU
		{38D4822D-9989-4332-994D-2A6E66594B50}.Debug|Any CPU.ActiveCfg = Debug|Any CPU
		{38D4822D-9989-4332-994D-2A6E66594B50}.Debug|Any CPU.Build.0 = Debug|Any CPU
		{38D4822D-9989-4332-994D-2A6E66594B50}.Release|Any CPU.ActiveCfg = Release|Any CPU
		{38D4822D-9989-4332-994D-2A6E66594B50}.Release|Any CPU.Build.0 = Release|Any CPU
	EndGlobalSection
EndGlobal
